
Microsoft Visual Studio Solution File, Format Version 12.00
# Visual Studio Version 17
VisualStudioVersion = 17.8.34408.163
MinimumVisualStudioVersion = 10.0.40219.1
Project("{9A19103F-16F7-4668-BE54-9A1E7A4F7556}") = "IssueTracker", "IssueTracker\IssueTracker.csproj", "{FD0B9D00-164C-42E4-B8CB-1CE212C3CB82}"
EndProject
Global
	GlobalSection(SolutionConfigurationPlatforms) = preSolution
		Debug|Any CPU = Debug|Any CPU
		Release|Any CPU = Release|Any CPU
	EndGlobalSection
	GlobalSection(ProjectConfigurationPlatforms) = postSolution
		{FD0B9D00-164C-42E4-B8CB-1CE212C3CB82}.Debug|Any CPU.ActiveCfg = Debug|Any CPU
		{FD0B9D00-164C-42E4-B8CB-1CE212C3CB82}.Debug|Any CPU.Build.0 = Debug|Any CPU
		{FD0B9D00-164C-42E4-B8CB-1CE212C3CB82}.Release|Any CPU.ActiveCfg = Release|Any CPU
		{FD0B9D00-164C-42E4-B8CB-1CE212C3CB82}.Release|Any CPU.Build.0 = Release|Any CPU
	EndGlobalSection
	GlobalSection(SolutionProperties) = preSolution
		HideSolutionNode = FALSE
	EndGlobalSection
	GlobalSection(ExtensibilityGlobals) = postSolution
		SolutionGuid = {FF30AD64-56CE-4611-8AA3-5A736AD34EE0}
	EndGlobalSection
EndGlobal
